
Microsoft Visual Studio Solution File, Format Version 12.00
# Visual Studio Version 17
VisualStudioVersion = 17.3.32929.385
MinimumVisualStudioVersion = 10.0.40219.1
Project("{FAE04EC0-301F-11D3-BF4B-00C04F79EFBC}") = "ModernStyledApplication", "ModernStyledApplication\ModernStyledApplication.csproj", "{F833F165-CE72-4A07-8C41-8157FD5C4F39}"
EndProject
Global
	GlobalSection(SolutionConfigurationPlatforms) = preSolution
		Debug|Any CPU = Debug|Any CPU
		Release|Any CPU = Release|Any CPU
	EndGlobalSection
	GlobalSection(ProjectConfigurationPlatforms) = postSolution
		{F833F165-CE72-4A07-8C41-8157FD5C4F39}.Debug|Any CPU.ActiveCfg = Debug|Any CPU
		{F833F165-CE72-4A07-8C41-8157FD5C4F39}.Debug|Any CPU.Build.0 = Debug|Any CPU
		{F833F165-CE72-4A07-8C41-8157FD5C4F39}.Release|Any CPU.ActiveCfg = Release|Any CPU
		{F833F165-CE72-4A07-8C41-8157FD5C4F39}.Release|Any CPU.Build.0 = Release|Any CPU
	EndGlobalSection
	GlobalSection(SolutionProperties) = preSolution
		HideSolutionNode = FALSE
	EndGlobalSection
	GlobalSection(ExtensibilityGlobals) = postSolution
		SolutionGuid = {B8FF3167-95FA-4368-8CC0-FD37B5D58B60}
	EndGlobalSection
EndGlobal
